
Microsoft Visual Studio Solution File, Format Version 12.00
# Visual Studio Version 17
VisualStudioVersion = 17.3.32825.248
MinimumVisualStudioVersion = 10.0.40219.1
Project("{FAE04EC0-301F-11D3-BF4B-00C04F79EFBC}") = "Ovningar20220901", "Ovningar20220901\Ovningar20220901.csproj", "{FD4BD895-6E35-4C5B-8FD7-C36C83E7F532}"
EndProject
Global
	GlobalSection(SolutionConfigurationPlatforms) = preSolution
		Debug|Any CPU = Debug|Any CPU
		Release|Any CPU = Release|Any CPU
	EndGlobalSection
	GlobalSection(ProjectConfigurationPlatforms) = postSolution
		{FD4BD895-6E35-4C5B-8FD7-C36C83E7F532}.Debug|Any CPU.ActiveCfg = Debug|Any CPU
		{FD4BD895-6E35-4C5B-8FD7-C36C83E7F532}.Debug|Any CPU.Build.0 = Debug|Any CPU
		{FD4BD895-6E35-4C5B-8FD7-C36C83E7F532}.Release|Any CPU.ActiveCfg = Release|Any CPU
		{FD4BD895-6E35-4C5B-8FD7-C36C83E7F532}.Release|Any CPU.Build.0 = Release|Any CPU
	EndGlobalSection
	GlobalSection(SolutionProperties) = preSolution
		HideSolutionNode = FALSE
	EndGlobalSection
	GlobalSection(ExtensibilityGlobals) = postSolution
		SolutionGuid = {AEADD8D1-DA27-4C56-9D98-3D96139781CD}
	EndGlobalSection
EndGlobal
